
Microsoft Visual Studio Solution File, Format Version 12.00
# Visual Studio Version 16
VisualStudioVersion = 16.0.30320.27
MinimumVisualStudioVersion = 10.0.40219.1
Project("{F184B08F-C81C-45F6-A57F-5ABD9991F28F}") = "DriverExportImport", "DriverExportImport\DriverExportImport.vbproj", "{43154EED-09D8-4FD1-B698-C9F187A3F695}"
EndProject
Global
	GlobalSection(SolutionConfigurationPlatforms) = preSolution
		Debug|Any CPU = Debug|Any CPU
		Release|Any CPU = Release|Any CPU
	EndGlobalSection
	GlobalSection(ProjectConfigurationPlatforms) = postSolution
		{43154EED-09D8-4FD1-B698-C9F187A3F695}.Debug|Any CPU.ActiveCfg = Debug|Any CPU
		{43154EED-09D8-4FD1-B698-C9F187A3F695}.Debug|Any CPU.Build.0 = Debug|Any CPU
		{43154EED-09D8-4FD1-B698-C9F187A3F695}.Release|Any CPU.ActiveCfg = Release|Any CPU
		{43154EED-09D8-4FD1-B698-C9F187A3F695}.Release|Any CPU.Build.0 = Release|Any CPU
	EndGlobalSection
	GlobalSection(SolutionProperties) = preSolution
		HideSolutionNode = FALSE
	EndGlobalSection
	GlobalSection(ExtensibilityGlobals) = postSolution
		SolutionGuid = {D4BC8973-30CE-46D8-B806-5A91A18CDD1C}
	EndGlobalSection
EndGlobal
